{
  "lockfileVersion": 1,
  "configVersion": 1,
  "workspaces": {
    "": {
      "name": "keydock-sdk",
      "devDependencies": {
        "ky": "2.0.2",
        "oxfmt": "^0.47.0",
        "oxlint": "^1.62.0",
        "rolldown": "^1.0.2",
        "rolldown-plugin-dts": "^0.23.2",
        "typescript": "^6.0.3",
      },
      "peerDependencies": {
        "ky": "^2.0.0",
      },
    },
  },
  "packages": {
    "@babel/generator": ["@babel/generator@8.0.0-rc.3", "", { "dependencies": { "@babel/parser": "^8.0.0-rc.3", "@babel/types": "^8.0.0-rc.3", "@jridgewell/gen-mapping": "^0.3.12", "@jridgewell/trace-mapping": "^0.3.28", "@types/jsesc": "^2.5.0", "jsesc": "^3.0.2" } }, "sha512-em37/13/nR320G4jab/nIIHZgc2Wz2y/D39lxnTyxB4/D/omPQncl/lSdlnJY1OhQcRGugTSIF2l/69o31C9dA=="],

    "@babel/helper-string-parser": ["@babel/helper-string-parser@8.0.0-rc.3", "", {}, "sha512-AmwWFx1m8G/a5cXkxLxTiWl+YEoWuoFLUCwqMlNuWO1tqAYITQAbCRPUkyBHv1VOFgfjVOqEj6L3u15J5ZCzTA=="],

    "@babel/helper-validator-identifier": ["@babel/helper-validator-identifier@8.0.0-rc.3", "", {}, "sha512-8AWCJ2VJJyDFlGBep5GpaaQ9AAaE/FjAcrqI7jyssYhtL7WGV0DOKpJsQqM037xDbpRLHXsY8TwU7zDma7coOw=="],

    "@babel/parser": ["@babel/parser@8.0.0-rc.3", "", { "dependencies": { "@babel/types": "^8.0.0-rc.3" }, "bin": "./bin/babel-parser.js" }, "sha512-B20dvP3MfNc/XS5KKCHy/oyWl5IA6Cn9YjXRdDlCjNmUFrjvLXMNUfQq/QUy9fnG2gYkKKcrto2YaF9B32ToOQ=="],

    "@babel/types": ["@babel/types@8.0.0-rc.3", "", { "dependencies": { "@babel/helper-string-parser": "^8.0.0-rc.3", "@babel/helper-validator-identifier": "^8.0.0-rc.3" } }, "sha512-mOm5ZrYmphGfqVWoH5YYMTITb3cDXsFgmvFlvkvWDMsR9X8RFnt7a0Wb6yNIdoFsiMO9WjYLq+U/FMtqIYAF8Q=="],

    "@emnapi/core": ["@emnapi/core@1.10.0", "", { "dependencies": { "@emnapi/wasi-threads": "1.2.1", "tslib": "^2.4.0" } }, "sha512-yq6OkJ4p82CAfPl0u9mQebQHKPJkY7WrIuk205cTYnYe+k2Z8YBh11FrbRG/H6ihirqcacOgl2BIO8oyMQLeXw=="],

    "@emnapi/runtime": ["@emnapi/runtime@1.10.0", "", { "dependencies": { "tslib": "^2.4.0" } }, "sha512-ewvYlk86xUoGI0zQRNq/mC+16R1QeDlKQy21Ki3oSYXNgLb45GV1P6A0M+/s6nyCuNDqe5VpaY84BzXGwVbwFA=="],

    "@emnapi/wasi-threads": ["@emnapi/wasi-threads@1.2.1", "", { "dependencies": { "tslib": "^2.4.0" } }, "sha512-uTII7OYF+/Mes/MrcIOYp5yOtSMLBWSIoLPpcgwipoiKbli6k322tcoFsxoIIxPDqW01SQGAgko4EzZi2BNv2w=="],

    "@jridgewell/gen-mapping": ["@jridgewell/gen-mapping@0.3.13", "", { "dependencies": { "@jridgewell/sourcemap-codec": "^1.5.0", "@jridgewell/trace-mapping": "^0.3.24" } }, "sha512-2kkt/7niJ6MgEPxF0bYdQ6etZaA+fQvDcLKckhy1yIQOzaoKjBBjSj63/aLVjYE3qhRt5dvM+uUyfCg6UKCBbA=="],

    "@jridgewell/resolve-uri": ["@jridgewell/resolve-uri@3.1.2", "", {}, "sha512-bRISgCIjP20/tbWSPWMEi54QVPRZExkuD9lJL+UIxUKtwVJA8wW1Trb1jMs1RFXo1CBTNZ/5hpC9QvmKWdopKw=="],

    "@jridgewell/sourcemap-codec": ["@jridgewell/sourcemap-codec@1.5.5", "", {}, "sha512-cYQ9310grqxueWbl+WuIUIaiUaDcj7WOq5fVhEljNVgRfOUhY9fy2zTvfoqWsnebh8Sl70VScFbICvJnLKB0Og=="],

    "@jridgewell/trace-mapping": ["@jridgewell/trace-mapping@0.3.31", "", { "dependencies": { "@jridgewell/resolve-uri": "^3.1.0", "@jridgewell/sourcemap-codec": "^1.4.14" } }, "sha512-zzNR+SdQSDJzc8joaeP8QQoCQr8NuYx2dIIytl1QeBEZHJ9uW6hebsrYgbz8hJwUQao3TWCMtmfV8Nu1twOLAw=="],

    "@napi-rs/wasm-runtime": ["@napi-rs/wasm-runtime@1.1.4", "", { "dependencies": { "@tybys/wasm-util": "^0.10.1" }, "peerDependencies": { "@emnapi/core": "^1.7.1", "@emnapi/runtime": "^1.7.1" } }, "sha512-3NQNNgA1YSlJb/kMH1ildASP9HW7/7kYnRI2szWJaofaS1hWmbGI4H+d3+22aGzXXN9IJ+n+GiFVcGipJP18ow=="],

    "@oxc-project/types": ["@oxc-project/types@0.132.0", "", {}, "sha512-FESMOxil5Se014ui/Eq8fT5uHJo6nIRwH0PfJrZJXs6Gek3ZVFOrpUv3YIZT20m+extU98Hg1Ym72U58rlsxUQ=="],

    "@oxfmt/binding-android-arm-eabi": ["@oxfmt/binding-android-arm-eabi@0.47.0", "", { "os": "android", "cpu": "arm" }, "sha512-KrMQRdMi/upr81qT4ijK6X6BNp6jqpMY7FwILQnwIy9QLc3qpnhUx5rsCLGzn4ewsCQ0CNAspN2ogmP1GXLyLw=="],

    "@oxfmt/binding-android-arm64": ["@oxfmt/binding-android-arm64@0.47.0", "", { "os": "android", "cpu": "arm64" }, "sha512-r4ixS/PeUpAFKgrpDoZ5pSkthjZzVzKd95525Aazj+aOv9H4ulK5zYHGb7wFY5n5kZxHK8TbOJUZgoEb1ohddQ=="],

    "@oxfmt/binding-darwin-arm64": ["@oxfmt/binding-darwin-arm64@0.47.0", "", { "os": "darwin", "cpu": "arm64" }, "sha512-CLWxiKpMl+195cm09CuaWEhJK0CirRkoMa07aR9+9AFPat2LfIKtwx1JqxZM0MTvcMe6+adlJNdVL6jdInvq3g=="],

    "@oxfmt/binding-darwin-x64": ["@oxfmt/binding-darwin-x64@0.47.0", "", { "os": "darwin", "cpu": "x64" }, "sha512-Xq5fjTYDC50faUeLSm0rZdBqoTgleXEdD7NpJdARtQIczkCJn3xNjMUSQQkUmh4CtxkKTNL68lytcOK3e/osgg=="],

    "@oxfmt/binding-freebsd-x64": ["@oxfmt/binding-freebsd-x64@0.47.0", "", { "os": "freebsd", "cpu": "x64" }, "sha512-QOU9ZIJ52p5askcEC0QJvvr8trHAWoonul8bgISo6gYUL3s50zkqafBYcNAr9LJZQbsZtPfIWHk9+5+nUp1qJQ=="],

    "@oxfmt/binding-linux-arm-gnueabihf": ["@oxfmt/binding-linux-arm-gnueabihf@0.47.0", "", { "os": "linux", "cpu": "arm" }, "sha512-oJxDM1aBhPvz9gmElBv8UpxyiqhwfjcbrSxT5F0xtuUzY6dQI27/AQPIt3eu3Z5Yvn0kQl5R7MA3Z+MbnRvCBw=="],

    "@oxfmt/binding-linux-arm-musleabihf": ["@oxfmt/binding-linux-arm-musleabihf@0.47.0", "", { "os": "linux", "cpu": "arm" }, "sha512-g8Lh50VS4ibGz2q6v7r9UZY4D0dM16SdrFYOMzhqIoCwGcai8VMIRUAcqn1/jlCsOOzUXJ741+kCeJt0cofakQ=="],

    "@oxfmt/binding-linux-arm64-gnu": ["@oxfmt/binding-linux-arm64-gnu@0.47.0", "", { "os": "linux", "cpu": "arm64" }, "sha512-YrNT1vQ0asaXoRbrvYENPqmBfOQ9Xr8enPNOULeYfg44VjCcrUowFy5QZr+WawE0zyP8cH9e9Gxxg0fDEFzhcg=="],

    "@oxfmt/binding-linux-arm64-musl": ["@oxfmt/binding-linux-arm64-musl@0.47.0", "", { "os": "linux", "cpu": "arm64" }, "sha512-IxtQC/sbBi4ubbY+MdwdanRWrG9InQJVZqyMsBa5IUaQcnSg86gQme574HxXMC1p4bo4YhV99zQ+wNnGCvEgzw=="],

    "@oxfmt/binding-linux-ppc64-gnu": ["@oxfmt/binding-linux-ppc64-gnu@0.47.0", "", { "os": "linux", "cpu": "ppc64" }, "sha512-EWXEhOMbWO0q6eJSbu0QLkU8cKi0ljlYLngeDs2Ocu/pm1rrLwyQiYzlFbdnMRURI4w9ndr1sI9rSbhlJ5o23Q=="],

    "@oxfmt/binding-linux-riscv64-gnu": ["@oxfmt/binding-linux-riscv64-gnu@0.47.0", "", { "os": "linux", "cpu": "none" }, "sha512-tZrjS11TUiDuEpRaqdk8K9F9xETRyKXfuZKmdeW+Gj7coBnm7+8sBEfyt033EAFEQSlkniAXvBLh+Qja2ioGBQ=="],

    "@oxfmt/binding-linux-riscv64-musl": ["@oxfmt/binding-linux-riscv64-musl@0.47.0", "", { "os": "linux", "cpu": "none" }, "sha512-KBFy+2CFKUCZzYwX2ZOPQKck1vjQbz+hextuc19G4r0WRJwadfAeuQMQRQvB+Ivc8brlbOVg7et8K7E467440g=="],

    "@oxfmt/binding-linux-s390x-gnu": ["@oxfmt/binding-linux-s390x-gnu@0.47.0", "", { "os": "linux", "cpu": "s390x" }, "sha512-REUPFKVGSiK99B+9eaPhluEVglzaoj/SMykNC5SUiV2RSsBfV5lWN7Y0iCIc251Wz3GaeAGZsJ/zj3gjarxdFg=="],

    "@oxfmt/binding-linux-x64-gnu": ["@oxfmt/binding-linux-x64-gnu@0.47.0", "", { "os": "linux", "cpu": "x64" }, "sha512-KVftVSVEDeIfRW3TIeLe3aNI/iY4m1fu5mDwHcisKMZSCMKLkrhFsjowC7o9RoqNPxbbglm2+/6KAKBIts2t0Q=="],

    "@oxfmt/binding-linux-x64-musl": ["@oxfmt/binding-linux-x64-musl@0.47.0", "", { "os": "linux", "cpu": "x64" }, "sha512-DTsmGEaA2860Aq5VUyDO8/MT9NFxwVL93RnRYmpMwK6DsSkThmvEpqoUDDljziEpAedMRG19SCogrNbINSbLUQ=="],

    "@oxfmt/binding-openharmony-arm64": ["@oxfmt/binding-openharmony-arm64@0.47.0", "", { "os": "none", "cpu": "arm64" }, "sha512-8r5BDro7fLOBoq1JXHLVSs55OlrxQhEso4HVo0TcY7OXJUPYfjPoOaYL5us+yIwqyP9rQwN+rxuiNFSmaxSuOQ=="],

    "@oxfmt/binding-win32-arm64-msvc": ["@oxfmt/binding-win32-arm64-msvc@0.47.0", "", { "os": "win32", "cpu": "arm64" }, "sha512-qtz/gzm8IjSPUlseZ0ofW8zyHLoZsuP5HTfcGGkWkUblB89JT8GNYH3ICqjbDsqsGqXum0/ZndXTFplSdXFIcg=="],

    "@oxfmt/binding-win32-ia32-msvc": ["@oxfmt/binding-win32-ia32-msvc@0.47.0", "", { "os": "win32", "cpu": "ia32" }, "sha512-5vIcdcIDE7nCx+MXN6sm8kbC4zajDB31E86rez4i45iHNH/2NjdKlJ720xcHTr3eeiMcttCGPHPhE1TjtBDGZw=="],

    "@oxfmt/binding-win32-x64-msvc": ["@oxfmt/binding-win32-x64-msvc@0.47.0", "", { "os": "win32", "cpu": "x64" }, "sha512-Sr59Y5ms54ONBjxFeWhVlGyQcHXxcl9DxC23f6yXlRkcos7LXBLoO+KDfxexjHIOZh7cWqrWduzvUjJ+pHp8cQ=="],

    "@oxlint/binding-android-arm-eabi": ["@oxlint/binding-android-arm-eabi@1.62.0", "", { "os": "android", "cpu": "arm" }, "sha512-pKsthNECyvJh8lPTICz6VcwVy2jOqdhhsp1rlxCkhgZR47aKvXPmaRWQDv+zlXpRae4qm1MaaTnutkaOk5aofg=="],

    "@oxlint/binding-android-arm64": ["@oxlint/binding-android-arm64@1.62.0", "", { "os": "android", "cpu": "arm64" }, "sha512-b1AUNViByvgmR2xJDubvLIr+dSuu3uraG7bsAoKo+xrpspPvu6RIn6Fhr2JUhobfep3jwUTy18Huco6GkwdvGQ=="],

    "@oxlint/binding-darwin-arm64": ["@oxlint/binding-darwin-arm64@1.62.0", "", { "os": "darwin", "cpu": "arm64" }, "sha512-iG+Tvf70UJ6otfwFYIHk36Sjq9cpPP5YLxkoggANNRtzgi3Tj3g8q6Ybqi6AtkU3+yg9QwF7bDCkCS6bbL4PCg=="],

    "@oxlint/binding-darwin-x64": ["@oxlint/binding-darwin-x64@1.62.0", "", { "os": "darwin", "cpu": "x64" }, "sha512-oOWI6YPPr5AJUx+yIDlxmuUbQjS5gZX3OH3QisawYvsZgLiQVvZtR0rPBcJTxLWqt2ClrWg0DlSrlUiG5SQNHg=="],

    "@oxlint/binding-freebsd-x64": ["@oxlint/binding-freebsd-x64@1.62.0", "", { "os": "freebsd", "cpu": "x64" }, "sha512-dLP33T7VLCmLVv4cvjkVX+rmkcwNk2UfxmsZPNur/7BQHoQR60zJ7XLiRvNUawlzn0u8ngCa3itjEG73MAMa/w=="],

    "@oxlint/binding-linux-arm-gnueabihf": ["@oxlint/binding-linux-arm-gnueabihf@1.62.0", "", { "os": "linux", "cpu": "arm" }, "sha512-fl//LWNks6qo9chNY60UDYyIwtp7a5cEx4Y/rHPjaarhuwqx6jtbzEpD5V5AqmdL4a6Y5D8zeXg5HF2Cr0QmSQ=="],

    "@oxlint/binding-linux-arm-musleabihf": ["@oxlint/binding-linux-arm-musleabihf@1.62.0", "", { "os": "linux", "cpu": "arm" }, "sha512-i5vkAuxvueTODV3J2dL61/TXewDHhMFKvtD156cIsk7GsdfiAu7zW7kY0NJXhKeFHeiMZIh7eFNjkPYH6J47HQ=="],

    "@oxlint/binding-linux-arm64-gnu": ["@oxlint/binding-linux-arm64-gnu@1.62.0", "", { "os": "linux", "cpu": "arm64" }, "sha512-QwN19LLuIGuOjEflSeJkZmOTfBdBMlTmW8xbMf8TZhjd//cxVNYQPq75q7oKZBJc6hRx3gY7sX0Egc8cEIFZYg=="],

    "@oxlint/binding-linux-arm64-musl": ["@oxlint/binding-linux-arm64-musl@1.62.0", "", { "os": "linux", "cpu": "arm64" }, "sha512-8eCy3FCDuWUM5hWujAv6heMvfZPbcCOU3SdQUAkixZLu5bSzOkNfirJiLGoQFO943xceOKkiQRMQNzH++jM3WA=="],

    "@oxlint/binding-linux-ppc64-gnu": ["@oxlint/binding-linux-ppc64-gnu@1.62.0", "", { "os": "linux", "cpu": "ppc64" }, "sha512-NjQ7K7tpTPDe9J+yq8p/s/J0E7lRCkK2uDBDqvT4XIT6f4Z0tlnr59OBg/WcrmVHER1AbrcfyxhGTXgcG8ytWg=="],

    "@oxlint/binding-linux-riscv64-gnu": ["@oxlint/binding-linux-riscv64-gnu@1.62.0", "", { "os": "linux", "cpu": "none" }, "sha512-oKZed9gmSwze29dEt3/Wnsv6l/Ygw/FUst+8Kfpv2SGeS/glEoTGZAMQw37SVyzFV76UTHJN2snGgxK2t2+8ow=="],

    "@oxlint/binding-linux-riscv64-musl": ["@oxlint/binding-linux-riscv64-musl@1.62.0", "", { "os": "linux", "cpu": "none" }, "sha512-gBjBxQ+9lGpAYq+ELqw0w8QXsBnkZclFc7GRX2r0LnEVn3ZTEqeIKpKcGjucmp76Q53bvJD0i4qBWBhcfhSfGA=="],

    "@oxlint/binding-linux-s390x-gnu": ["@oxlint/binding-linux-s390x-gnu@1.62.0", "", { "os": "linux", "cpu": "s390x" }, "sha512-Ew2Kxs9EQ9/mbAIJ2hvocMC0wsOu6YKzStI2eFBDt+Td5O8seVC/oxgRIHqCcl5sf5ratA1nozQBAuv7tphkHg=="],

    "@oxlint/binding-linux-x64-gnu": ["@oxlint/binding-linux-x64-gnu@1.62.0", "", { "os": "linux", "cpu": "x64" }, "sha512-5z25jcAA0gfKyVwz71A0VXgaPlocPoTAxhlv/hgoK6tlCrfoNuw7haWbDHvGMfjXhdic4EqVXGRv5XsTqFnbRQ=="],

    "@oxlint/binding-linux-x64-musl": ["@oxlint/binding-linux-x64-musl@1.62.0", "", { "os": "linux", "cpu": "x64" }, "sha512-IWpHmMB6ZDllPvqWDkG6AmXrN7JF5e/c4g/0PuURsmlK+vHoYZPB70rr4u1bn3I4LsKCSpqqfveyx6UCOC8wdg=="],

    "@oxlint/binding-openharmony-arm64": ["@oxlint/binding-openharmony-arm64@1.62.0", "", { "os": "none", "cpu": "arm64" }, "sha512-fjlSxxrD5pA594vkyikCS9MnPRjQawW6/BLgyTYkO+73wwPlYjkcZ7LSd974l0Q2zkHQmu4DPvJFLYA7o8xrxQ=="],

    "@oxlint/binding-win32-arm64-msvc": ["@oxlint/binding-win32-arm64-msvc@1.62.0", "", { "os": "win32", "cpu": "arm64" }, "sha512-EiFXr8loNS0Ul3Gu80+9nr1T8jRmnKocqmHHg16tj5ZqTgUXyb97l2rrspVHdDluyFn9JfR4PoJFdNzw4paHww=="],

    "@oxlint/binding-win32-ia32-msvc": ["@oxlint/binding-win32-ia32-msvc@1.62.0", "", { "os": "win32", "cpu": "ia32" }, "sha512-IgOFvL73li1bFgab+hThXYA0N2Xms2kV2MvZN95cebV+fmrZ9AVui1JSxfeeqRLo3CpPxKZlzhyq4G0cnaAvIw=="],

    "@oxlint/binding-win32-x64-msvc": ["@oxlint/binding-win32-x64-msvc@1.62.0", "", { "os": "win32", "cpu": "x64" }, "sha512-6hMpyDWQ2zGA1OXFKBrdYMUveUCO8UJhkO6JdwZPd78xIdHZNhjx+pib+4fC2Cljuhjyl0QwA2F3df/bs4Bp6A=="],

    "@rolldown/binding-android-arm64": ["@rolldown/binding-android-arm64@1.0.2", "", { "os": "android", "cpu": "arm64" }, "sha512-ZS4D1JPGn/MYQN/SYDWftIE/nVsM8j/AFOYEzAoOE2O3NktQOZru+/vYXGbR/qtdLdIfGCP0lcoJiYVzsEz+iQ=="],

    "@rolldown/binding-darwin-arm64": ["@rolldown/binding-darwin-arm64@1.0.2", "", { "os": "darwin", "cpu": "arm64" }, "sha512-vdFA9+C/rekyGce7WqHs/xoT0ioZEWaOFyZLIV1mEeNFaFDUQrPIo8Vs2GvJ6eetb3rzDUtUBgzto3ExpXJB3w=="],

    "@rolldown/binding-darwin-x64": ["@rolldown/binding-darwin-x64@1.0.2", "", { "os": "darwin", "cpu": "x64" }, "sha512-BewSOwTHazv77DTYiAZXSqqKZ4KP/KonFisDMVU7PImxoWfB2aepnPhd2E4SWz3zDzYgDNbs6jBmTdgNnF02GA=="],

    "@rolldown/binding-freebsd-x64": ["@rolldown/binding-freebsd-x64@1.0.2", "", { "os": "freebsd", "cpu": "x64" }, "sha512-m41o7M0YWtUdqk61Tb+jnKb2rN++iRdIASlExkUoKfIAH30DOHCB8fVLzSUpbWHHU8esmEioY62PxzexE8MBuA=="],

    "@rolldown/binding-linux-arm-gnueabihf": ["@rolldown/binding-linux-arm-gnueabihf@1.0.2", "", { "os": "linux", "cpu": "arm" }, "sha512-jcojB9H7W/jS29pMKWAK1N+fU99vXodHDTatS3b3y/XSOCiHo0kkA74pL3jJmkoQtYpOCxDvaKs1fo2Ij/1X5w=="],

    "@rolldown/binding-linux-arm64-gnu": ["@rolldown/binding-linux-arm64-gnu@1.0.2", "", { "os": "linux", "cpu": "arm64" }, "sha512-1jn6qDU5iiOgFgygDzKUuKP0maTi0/f1+sBLgvij/76C77Nm3ts6ufz9Bjg5q5dduxiUIxtq86JIoBvo1xQ4Ig=="],

    "@rolldown/binding-linux-arm64-musl": ["@rolldown/binding-linux-arm64-musl@1.0.2", "", { "os": "linux", "cpu": "arm64" }, "sha512-QVLO/czFMdoMFSqlX3bcswcJNm/23r+qoa/jgtmFc/qEp6/jXmIkDjF/XIo8dPfGaiwy1xfQn8o77L79GeXFgw=="],

    "@rolldown/binding-linux-ppc64-gnu": ["@rolldown/binding-linux-ppc64-gnu@1.0.2", "", { "os": "linux", "cpu": "ppc64" }, "sha512-hgO5Abm0w5UL6FEa2iFnZqo2KlK7TQ5QhV5x09hujBf7t5KzHQ1VmfPuTpqRy/rNlSxua3eWH374xxiVrP+lcA=="],

    "@rolldown/binding-linux-s390x-gnu": ["@rolldown/binding-linux-s390x-gnu@1.0.2", "", { "os": "linux", "cpu": "s390x" }, "sha512-fy8rXxuYEu602abC8MUNaPjYLIFzReOaEIEMKMUa0rFEUxNpVXhs15KSSQ4qlqSaM7B6rcj9rDZgADh/IGDzLQ=="],

    "@rolldown/binding-linux-x64-gnu": ["@rolldown/binding-linux-x64-gnu@1.0.2", "", { "os": "linux", "cpu": "x64" }, "sha512-0+bOkiQ779+r1WpoHOWHqncvyySci0vKph+myNDYb+im6meJAzHQXay6oEgnkHuUGouM1LKTZwqKpBow6Kj7CQ=="],

    "@rolldown/binding-linux-x64-musl": ["@rolldown/binding-linux-x64-musl@1.0.2", "", { "os": "linux", "cpu": "x64" }, "sha512-mjSkrzZK5Qsl0a9d1JgILOiuZOSDTVdKENcSXBoqbzSrspLR/4/IRVDo5wd2GgZjNss/viBFJdeq+j7qH2nypw=="],

    "@rolldown/binding-openharmony-arm64": ["@rolldown/binding-openharmony-arm64@1.0.2", "", { "os": "none", "cpu": "arm64" }, "sha512-1v5vHasdfQAZoEHakBV72LIFAC9JjnymsiKxp+GEr/ma3+NJCPSaYK+qavInOovJkgwFrs7GccX2d6IgDA3Z5w=="],

    "@rolldown/binding-wasm32-wasi": ["@rolldown/binding-wasm32-wasi@1.0.2", "", { "dependencies": { "@emnapi/core": "1.10.0", "@emnapi/runtime": "1.10.0", "@napi-rs/wasm-runtime": "^1.1.4" }, "cpu": "none" }, "sha512-mb1VobWn6NheziTk5/WEaR6AKVbrwT5sOi6C7zk3gy/pD1qtJfU1j4PgTo2NJnOtbL9Dl3Aeei8w9jJ7qC2jZQ=="],

    "@rolldown/binding-win32-arm64-msvc": ["@rolldown/binding-win32-arm64-msvc@1.0.2", "", { "os": "win32", "cpu": "arm64" }, "sha512-SqKonF56vA/L2yHwHYcEp2P34URpOZ7d1fS635cTkpDnUtEGdUbhI6NzsPdqeSWvAAeGDrxjWjNmibDIdFf9/A=="],

    "@rolldown/binding-win32-x64-msvc": ["@rolldown/binding-win32-x64-msvc@1.0.2", "", { "os": "win32", "cpu": "x64" }, "sha512-v7qRI7gXLRINcOGXt+7YmAZ6iFuyZVMIoXAxhd8oP+DR9dLfL9GfNIx7PLMxmhZdvq8waUJBQiWN9EKNy+TRBQ=="],

    "@rolldown/pluginutils": ["@rolldown/pluginutils@1.0.1", "", {}, "sha512-2j9bGt5Jh8hj+vPtgzPtl72j0yRxHAyumoo6TNfAjsLB04UtpSvPbPcDcBMxz7n+9CYB0c1GxQFxYRg2jimqGw=="],

    "@tybys/wasm-util": ["@tybys/wasm-util@0.10.1", "", { "dependencies": { "tslib": "^2.4.0" } }, "sha512-9tTaPJLSiejZKx+Bmog4uSubteqTvFrVrURwkmHixBo0G4seD0zUxp98E1DzUBJxLQ3NPwXrGKDiVjwx/DpPsg=="],

    "@types/estree": ["@types/estree@1.0.8", "", {}, "sha512-dWHzHa2WqEXI/O1E9OjrocMTKJl2mSrEolh1Iomrv6U+JuNwaHXsXx9bLu5gG7BUWFIN0skIQJQ/L1rIex4X6w=="],

    "@types/jsesc": ["@types/jsesc@2.5.1", "", {}, "sha512-9VN+6yxLOPLOav+7PwjZbxiID2bVaeq0ED4qSQmdQTdjnXJSaCVKTR58t15oqH1H5t8Ng2ZX1SabJVoN9Q34bw=="],

    "ast-kit": ["ast-kit@3.0.0-beta.1", "", { "dependencies": { "@babel/parser": "^8.0.0-beta.4", "estree-walker": "^3.0.3", "pathe": "^2.0.3" } }, "sha512-trmleAnZ2PxN/loHWVhhx1qeOHSRXq4TDsBBxq3GqeJitfk3+jTQ+v/C1km/KYq9M7wKqCewMh+/NAvVH7m+bw=="],

    "birpc": ["birpc@4.0.0", "", {}, "sha512-LShSxJP0KTmd101b6DRyGBj57LZxSDYWKitQNW/mi8GRMvZb078Uf9+pveax1DrVL89vm7mWe+TovdI/UDOuPw=="],

    "dts-resolver": ["dts-resolver@2.1.3", "", { "peerDependencies": { "oxc-resolver": ">=11.0.0" }, "optionalPeers": ["oxc-resolver"] }, "sha512-bihc7jPC90VrosXNzK0LTE2cuLP6jr0Ro8jk+kMugHReJVLIpHz/xadeq3MhuwyO4TD4OA3L1Q8pBBFRc08Tsw=="],

    "estree-walker": ["estree-walker@3.0.3", "", { "dependencies": { "@types/estree": "^1.0.0" } }, "sha512-7RUKfXgSMMkzt6ZuXmqapOurLGPPfgj6l9uRZ7lRGolvk0y2yocc35LdcxKC5PQZdn2DMqioAQ2NoWcrTKmm6g=="],

    "get-tsconfig": ["get-tsconfig@4.14.0", "", { "dependencies": { "resolve-pkg-maps": "^1.0.0" } }, "sha512-yTb+8DXzDREzgvYmh6s9vHsSVCHeC0G3PI5bEXNBHtmshPnO+S5O7qgLEOn0I5QvMy6kpZN8K1NKGyilLb93wA=="],

    "jsesc": ["jsesc@3.1.0", "", { "bin": { "jsesc": "bin/jsesc" } }, "sha512-/sM3dO2FOzXjKQhJuo0Q173wf2KOo8t4I8vHy6lF9poUp7bKT0/NHE8fPX23PwfhnykfqnC2xRxOnVw5XuGIaA=="],

    "ky": ["ky@2.0.2", "", {}, "sha512-/GmXpo9F9W+f8n4Ivr2iH+7h7wL7jLbLKWkMlpflcCRb6kGjBfTlASEXaZ9qUgNTn4VgS0P2pwxxzQ4EM6Ulgg=="],

    "obug": ["obug@2.1.1", "", {}, "sha512-uTqF9MuPraAQ+IsnPf366RG4cP9RtUi7MLO1N3KEc+wb0a6yKpeL0lmk2IB1jY5KHPAlTc6T/JRdC/YqxHNwkQ=="],

    "oxfmt": ["oxfmt@0.47.0", "", { "dependencies": { "tinypool": "2.1.0" }, "optionalDependencies": { "@oxfmt/binding-android-arm-eabi": "0.47.0", "@oxfmt/binding-android-arm64": "0.47.0", "@oxfmt/binding-darwin-arm64": "0.47.0", "@oxfmt/binding-darwin-x64": "0.47.0", "@oxfmt/binding-freebsd-x64": "0.47.0", "@oxfmt/binding-linux-arm-gnueabihf": "0.47.0", "@oxfmt/binding-linux-arm-musleabihf": "0.47.0", "@oxfmt/binding-linux-arm64-gnu": "0.47.0", "@oxfmt/binding-linux-arm64-musl": "0.47.0", "@oxfmt/binding-linux-ppc64-gnu": "0.47.0", "@oxfmt/binding-linux-riscv64-gnu": "0.47.0", "@oxfmt/binding-linux-riscv64-musl": "0.47.0", "@oxfmt/binding-linux-s390x-gnu": "0.47.0", "@oxfmt/binding-linux-x64-gnu": "0.47.0", "@oxfmt/binding-linux-x64-musl": "0.47.0", "@oxfmt/binding-openharmony-arm64": "0.47.0", "@oxfmt/binding-win32-arm64-msvc": "0.47.0", "@oxfmt/binding-win32-ia32-msvc": "0.47.0", "@oxfmt/binding-win32-x64-msvc": "0.47.0" }, "bin": { "oxfmt": "bin/oxfmt" } }, "sha512-OFbkbzxKCpooQEnRmpTDnuwTX8KHXzZTQ4Df/hz85fpS67Pl+lxPEFvUtin56HIIS0B1k4X8oIzTXRZPufA2CA=="],

    "oxlint": ["oxlint@1.62.0", "", { "optionalDependencies": { "@oxlint/binding-android-arm-eabi": "1.62.0", "@oxlint/binding-android-arm64": "1.62.0", "@oxlint/binding-darwin-arm64": "1.62.0", "@oxlint/binding-darwin-x64": "1.62.0", "@oxlint/binding-freebsd-x64": "1.62.0", "@oxlint/binding-linux-arm-gnueabihf": "1.62.0", "@oxlint/binding-linux-arm-musleabihf": "1.62.0", "@oxlint/binding-linux-arm64-gnu": "1.62.0", "@oxlint/binding-linux-arm64-musl": "1.62.0", "@oxlint/binding-linux-ppc64-gnu": "1.62.0", "@oxlint/binding-linux-riscv64-gnu": "1.62.0", "@oxlint/binding-linux-riscv64-musl": "1.62.0", "@oxlint/binding-linux-s390x-gnu": "1.62.0", "@oxlint/binding-linux-x64-gnu": "1.62.0", "@oxlint/binding-linux-x64-musl": "1.62.0", "@oxlint/binding-openharmony-arm64": "1.62.0", "@oxlint/binding-win32-arm64-msvc": "1.62.0", "@oxlint/binding-win32-ia32-msvc": "1.62.0", "@oxlint/binding-win32-x64-msvc": "1.62.0" }, "peerDependencies": { "oxlint-tsgolint": ">=0.18.0" }, "optionalPeers": ["oxlint-tsgolint"], "bin": { "oxlint": "bin/oxlint" } }, "sha512-1uFkg6HakjsGIpW9wNdeW4/2LOHW9MEkoWjZUTUfQtIHyLIZPYt00w3Sg+H3lH+206FgBPHBbW5dVE5l2ExECQ=="],

    "pathe": ["pathe@2.0.3", "", {}, "sha512-WUjGcAqP1gQacoQe+OBJsFA7Ld4DyXuUIjZ5cc75cLHvJ7dtNsTugphxIADwspS+AraAUePCKrSVtPLFj/F88w=="],

    "picomatch": ["picomatch@4.0.4", "", {}, "sha512-QP88BAKvMam/3NxH6vj2o21R6MjxZUAd6nlwAS/pnGvN9IVLocLHxGYIzFhg6fUQ+5th6P4dv4eW9jX3DSIj7A=="],

    "resolve-pkg-maps": ["resolve-pkg-maps@1.0.0", "", {}, "sha512-seS2Tj26TBVOC2NIc2rOe2y2ZO7efxITtLZcGSOnHHNOQ7CkiUBfw0Iw2ck6xkIhPwLhKNLS8BO+hEpngQlqzw=="],

    "rolldown": ["rolldown@1.0.2", "", { "dependencies": { "@oxc-project/types": "=0.132.0", "@rolldown/pluginutils": "^1.0.0" }, "optionalDependencies": { "@rolldown/binding-android-arm64": "1.0.2", "@rolldown/binding-darwin-arm64": "1.0.2", "@rolldown/binding-darwin-x64": "1.0.2", "@rolldown/binding-freebsd-x64": "1.0.2", "@rolldown/binding-linux-arm-gnueabihf": "1.0.2", "@rolldown/binding-linux-arm64-gnu": "1.0.2", "@rolldown/binding-linux-arm64-musl": "1.0.2", "@rolldown/binding-linux-ppc64-gnu": "1.0.2", "@rolldown/binding-linux-s390x-gnu": "1.0.2", "@rolldown/binding-linux-x64-gnu": "1.0.2", "@rolldown/binding-linux-x64-musl": "1.0.2", "@rolldown/binding-openharmony-arm64": "1.0.2", "@rolldown/binding-wasm32-wasi": "1.0.2", "@rolldown/binding-win32-arm64-msvc": "1.0.2", "@rolldown/binding-win32-x64-msvc": "1.0.2" }, "bin": { "rolldown": "./bin/cli.mjs" } }, "sha512-oZx5zVDtVB44AW3eaifgDml1gWRDZGvjcfdxonE4swNPG98PrrXjaO/KrnUjzlMnztCCRVlUueA1kCXhARGk6g=="],

    "rolldown-plugin-dts": ["rolldown-plugin-dts@0.23.2", "", { "dependencies": { "@babel/generator": "8.0.0-rc.3", "@babel/helper-validator-identifier": "8.0.0-rc.3", "@babel/parser": "8.0.0-rc.3", "@babel/types": "8.0.0-rc.3", "ast-kit": "^3.0.0-beta.1", "birpc": "^4.0.0", "dts-resolver": "^2.1.3", "get-tsconfig": "^4.13.7", "obug": "^2.1.1", "picomatch": "^4.0.4" }, "peerDependencies": { "@ts-macro/tsc": "^0.3.6", "@typescript/native-preview": ">=7.0.0-dev.20260325.1", "rolldown": "^1.0.0-rc.12", "typescript": "^5.0.0 || ^6.0.0", "vue-tsc": "~3.2.0" }, "optionalPeers": ["@ts-macro/tsc", "@typescript/native-preview", "typescript", "vue-tsc"] }, "sha512-PbSqLawLgZBGcOGT3yqWBGn4cX+wh2nt5FuBGdcMHyOhoukmjbhYAl8NT9sE4U38Cm9tqLOIQeOrvzeayM0DLQ=="],

    "tinypool": ["tinypool@2.1.0", "", {}, "sha512-Pugqs6M0m7Lv1I7FtxN4aoyToKg1C4tu+/381vH35y8oENM/Ai7f7C4StcoK4/+BSw9ebcS8jRiVrORFKCALLw=="],

    "tslib": ["tslib@2.8.1", "", {}, "sha512-oJFu94HQb+KVduSUQL7wnpmqnfmLsOA/nAh6b6EH0wCEoK0/mPeXU6c3wKDV83MkOuHPRHtSXKKU99IBazS/2w=="],

    "typescript": ["typescript@6.0.3", "", { "bin": { "tsc": "bin/tsc", "tsserver": "bin/tsserver" } }, "sha512-y2TvuxSZPDyQakkFRPZHKFm+KKVqIisdg9/CZwm9ftvKXLP8NRWj38/ODjNbr43SsoXqNuAisEf1GdCxqWcdBw=="],
  }
}
